{
  "name": "cbsd",
  "lockfileVersion": 3,
  "requires": true,
  "packages": {
    "": {
      "name": "cbsd",
      "workspaces": [
        "components/*",
        "apps/*"
      ],
      "dependencies": {
        "ui-components": "^1.0.0"
      }
    },
    "apps/demo-app": {
      "version": "1.0.0",
      "license": "ISC"
    },
    "components/data-components": {
      "version": "1.0.0",
      "license": "ISC"
    },
    "components/ui-components": {
      "version": "1.0.0",
      "license": "ISC"
    },
    "node_modules/data-components": {
      "resolved": "components/data-components",
      "link": true
    },
    "node_modules/demo-app": {
      "resolved": "apps/demo-app",
      "link": true
    },
    "node_modules/ui-components": {
      "resolved": "components/ui-components",
      "link": true
    }
  }
}
